
Microsoft Visual Studio Solution File, Format Version 12.00
# Visual Studio 14
VisualStudioVersion = 14.0.25420.1
MinimumVisualStudioVersion = 10.0.40219.1
Project("{FAE04EC0-301F-11D3-BF4B-00C04F79EFBC}") = "NCLS.WEB", "NCLS.WEB\NCLS.WEB.csproj", "{218CF0B4-E7D9-4BD5-B603-62F1158A43C9}"
EndProject
Project("{FAE04EC0-301F-11D3-BF4B-00C04F79EFBC}") = "NCLS.BATCH", "NCLS.BATCH\NCLS.BATCH.csproj", "{2E416D8E-B813-436D-9B0C-AB158A974C0A}"
EndProject
Global
	GlobalSection(SolutionConfigurationPlatforms) = preSolution
		Debug|Any CPU = Debug|Any CPU
		Release|Any CPU = Release|Any CPU
	EndGlobalSection
	GlobalSection(ProjectConfigurationPlatforms) = postSolution
		{218CF0B4-E7D9-4BD5-B603-62F1158A43C9}.Debug|Any CPU.ActiveCfg = Debug|Any CPU
		{218CF0B4-E7D9-4BD5-B603-62F1158A43C9}.Debug|Any CPU.Build.0 = Debug|Any CPU
		{218CF0B4-E7D9-4BD5-B603-62F1158A43C9}.Release|Any CPU.ActiveCfg = Release|Any CPU
		{218CF0B4-E7D9-4BD5-B603-62F1158A43C9}.Release|Any CPU.Build.0 = Release|Any CPU
		{2E416D8E-B813-436D-9B0C-AB158A974C0A}.Debug|Any CPU.ActiveCfg = Debug|Any CPU
		{2E416D8E-B813-436D-9B0C-AB158A974C0A}.Debug|Any CPU.Build.0 = Debug|Any CPU
		{2E416D8E-B813-436D-9B0C-AB158A974C0A}.Release|Any CPU.ActiveCfg = Release|Any CPU
		{2E416D8E-B813-436D-9B0C-AB158A974C0A}.Release|Any CPU.Build.0 = Release|Any CPU
	EndGlobalSection
	GlobalSection(SolutionProperties) = preSolution
		HideSolutionNode = FALSE
	EndGlobalSection
EndGlobal
